
Microsoft Visual Studio Solution File, Format Version 12.00
# Visual Studio 15
VisualStudioVersion = 15.0.28307.329
MinimumVisualStudioVersion = 10.0.40219.1
Project("{FAE04EC0-301F-11D3-BF4B-00C04F79EFBC}") = "Scan.ClientAgent", "Scan.ClientAgent\Scan.ClientAgent.csproj", "{C6F9117C-AD1D-40CA-B2A0-0DF762CD2FC9}"
EndProject
Project("{FAE04EC0-301F-11D3-BF4B-00C04F79EFBC}") = "Scan.ServerAgent", "Scan.ServerAgent\Scan.ServerAgent.csproj", "{5DBF97FC-47CD-4C4D-8F20-C268B66802CC}"
EndProject
Project("{FAE04EC0-301F-11D3-BF4B-00C04F79EFBC}") = "Scan.Notifier", "Scan.Notifier\Scan.Notifier.csproj", "{3D62D6EA-1F44-4B28-A92C-4505C0F2F9D4}"
EndProject
Project("{FAE04EC0-301F-11D3-BF4B-00C04F79EFBC}") = "Scan.Entities", "Scan.Entities\Scan.Entities.csproj", "{5DD8ADED-AAAA-4BFA-8128-67BAADAF92CA}"
EndProject
Project("{FAE04EC0-301F-11D3-BF4B-00C04F79EFBC}") = "Scan.Enums", "Scan.Enums\Scan.Enums.csproj", "{C33E669B-914E-4D05-B135-8AD88A5A6731}"
EndProject
Project("{FAE04EC0-301F-11D3-BF4B-00C04F79EFBC}") = "Scan.Logger", "Scan.Logger\Scan.Logger.csproj", "{D005F2BA-8F72-4D3E-BC91-887D18808557}"
EndProject
Global
	GlobalSection(SolutionConfigurationPlatforms) = preSolution
		Debug|Any CPU = Debug|Any CPU
		Release|Any CPU = Release|Any CPU
	EndGlobalSection
	GlobalSection(ProjectConfigurationPlatforms) = postSolution
		{C6F9117C-AD1D-40CA-B2A0-0DF762CD2FC9}.Debug|Any CPU.ActiveCfg = Debug|Any CPU
		{C6F9117C-AD1D-40CA-B2A0-0DF762CD2FC9}.Debug|Any CPU.Build.0 = Debug|Any CPU
		{C6F9117C-AD1D-40CA-B2A0-0DF762CD2FC9}.Release|Any CPU.ActiveCfg = Release|Any CPU
		{C6F9117C-AD1D-40CA-B2A0-0DF762CD2FC9}.Release|Any CPU.Build.0 = Release|Any CPU
		{5DBF97FC-47CD-4C4D-8F20-C268B66802CC}.Debug|Any CPU.ActiveCfg = Debug|Any CPU
		{5DBF97FC-47CD-4C4D-8F20-C268B66802CC}.Debug|Any CPU.Build.0 = Debug|Any CPU
		{5DBF97FC-47CD-4C4D-8F20-C268B66802CC}.Release|Any CPU.ActiveCfg = Release|Any CPU
		{5DBF97FC-47CD-4C4D-8F20-C268B66802CC}.Release|Any CPU.Build.0 = Release|Any CPU
		{3D62D6EA-1F44-4B28-A92C-4505C0F2F9D4}.Debug|Any CPU.ActiveCfg = Debug|Any CPU
		{3D62D6EA-1F44-4B28-A92C-4505C0F2F9D4}.Debug|Any CPU.Build.0 = Debug|Any CPU
		{3D62D6EA-1F44-4B28-A92C-4505C0F2F9D4}.Release|Any CPU.ActiveCfg = Release|Any CPU
		{3D62D6EA-1F44-4B28-A92C-4505C0F2F9D4}.Release|Any CPU.Build.0 = Release|Any CPU
		{5DD8ADED-AAAA-4BFA-8128-67BAADAF92CA}.Debug|Any CPU.ActiveCfg = Debug|Any CPU
		{5DD8ADED-AAAA-4BFA-8128-67BAADAF92CA}.Debug|Any CPU.Build.0 = Debug|Any CPU
		{5DD8ADED-AAAA-4BFA-8128-67BAADAF92CA}.Release|Any CPU.ActiveCfg = Release|Any CPU
		{5DD8ADED-AAAA-4BFA-8128-67BAADAF92CA}.Release|Any CPU.Build.0 = Release|Any CPU
		{C33E669B-914E-4D05-B135-8AD88A5A6731}.Debug|Any CPU.ActiveCfg = Debug|Any CPU
		{C33E669B-914E-4D05-B135-8AD88A5A6731}.Debug|Any CPU.Build.0 = Debug|Any CPU
		{C33E669B-914E-4D05-B135-8AD88A5A6731}.Release|Any CPU.ActiveCfg = Release|Any CPU
		{C33E669B-914E-4D05-B135-8AD88A5A6731}.Release|Any CPU.Build.0 = Release|Any CPU
		{D005F2BA-8F72-4D3E-BC91-887D18808557}.Debug|Any CPU.ActiveCfg = Debug|Any CPU
		{D005F2BA-8F72-4D3E-BC91-887D18808557}.Debug|Any CPU.Build.0 = Debug|Any CPU
		{D005F2BA-8F72-4D3E-BC91-887D18808557}.Release|Any CPU.ActiveCfg = Release|Any CPU
		{D005F2BA-8F72-4D3E-BC91-887D18808557}.Release|Any CPU.Build.0 = Release|Any CPU
	EndGlobalSection
	GlobalSection(SolutionProperties) = preSolution
		HideSolutionNode = FALSE
	EndGlobalSection
	GlobalSection(ExtensibilityGlobals) = postSolution
		SolutionGuid = {C928519C-2411-4012-82EB-BED17D691280}
	EndGlobalSection
EndGlobal
