
Microsoft Visual Studio Solution File, Format Version 12.00
# Visual Studio 15
VisualStudioVersion = 15.0.28307.329
MinimumVisualStudioVersion = 10.0.40219.1
Project("{FAE04EC0-301F-11D3-BF4B-00C04F79EFBC}") = "Scan.ClientAgent", "Scan.ClientAgent\Scan.ClientAgent.csproj", "{C6F9117C-AD1D-40CA-B2A0-0DF762CD2FC9}"
EndProject
Project("{FAE04EC0-301F-11D3-BF4B-00C04F79EFBC}") = "Scan.ServerAgent", "Scan.ServerAgent\Scan.ServerAgent.csproj", "{5DBF97FC-47CD-4C4D-8F20-C268B66802CC}"
EndProject
Global
	GlobalSection(SolutionConfigurationPlatforms) = preSolution
		Debug|Any CPU = Debug|Any CPU
		Release|Any CPU = Release|Any CPU
	EndGlobalSection
	GlobalSection(ProjectConfigurationPlatforms) = postSolution
		{C6F9117C-AD1D-40CA-B2A0-0DF762CD2FC9}.Debug|Any CPU.ActiveCfg = Debug|Any CPU
		{C6F9117C-AD1D-40CA-B2A0-0DF762CD2FC9}.Debug|Any CPU.Build.0 = Debug|Any CPU
		{C6F9117C-AD1D-40CA-B2A0-0DF762CD2FC9}.Release|Any CPU.ActiveCfg = Release|Any CPU
		{C6F9117C-AD1D-40CA-B2A0-0DF762CD2FC9}.Release|Any CPU.Build.0 = Release|Any CPU
		{5DBF97FC-47CD-4C4D-8F20-C268B66802CC}.Debug|Any CPU.ActiveCfg = Debug|Any CPU
		{5DBF97FC-47CD-4C4D-8F20-C268B66802CC}.Debug|Any CPU.Build.0 = Debug|Any CPU
		{5DBF97FC-47CD-4C4D-8F20-C268B66802CC}.Release|Any CPU.ActiveCfg = Release|Any CPU
		{5DBF97FC-47CD-4C4D-8F20-C268B66802CC}.Release|Any CPU.Build.0 = Release|Any CPU
	EndGlobalSection
	GlobalSection(SolutionProperties) = preSolution
		HideSolutionNode = FALSE
	EndGlobalSection
	GlobalSection(ExtensibilityGlobals) = postSolution
		SolutionGuid = {C928519C-2411-4012-82EB-BED17D691280}
	EndGlobalSection
EndGlobal
